
Microsoft Visual Studio Solution File, Format Version 12.00
Project("{FAE04EC0-301F-11D3-BF4B-00C04F79EFBC}") = "Domain", "Domain\Domain.csproj", "{3E5EF357-7BD0-4B31-941B-5C2D7C31991E}"
EndProject
Project("{FAE04EC0-301F-11D3-BF4B-00C04F79EFBC}") = "Services", "Services\Services.csproj", "{80D008F9-B5B1-44CB-B396-75D01733C204}"
EndProject
Project("{FAE04EC0-301F-11D3-BF4B-00C04F79EFBC}") = "DataAccess", "DataAccess\DataAccess.csproj", "{2F6C9E3A-4D0D-4420-8A04-0B102A0F0CF7}"
EndProject
Project("{FAE04EC0-301F-11D3-BF4B-00C04F79EFBC}") = "App-UI", "App-UI\App-UI.csproj", "{E07BBD65-7D9A-4138-B400-E50D0FA1D7DA}"
EndProject
Global
	GlobalSection(SolutionConfigurationPlatforms) = preSolution
		Debug|Any CPU = Debug|Any CPU
		Release|Any CPU = Release|Any CPU
	EndGlobalSection
	GlobalSection(ProjectConfigurationPlatforms) = postSolution
		{3E5EF357-7BD0-4B31-941B-5C2D7C31991E}.Debug|Any CPU.ActiveCfg = Debug|Any CPU
		{3E5EF357-7BD0-4B31-941B-5C2D7C31991E}.Debug|Any CPU.Build.0 = Debug|Any CPU
		{3E5EF357-7BD0-4B31-941B-5C2D7C31991E}.Release|Any CPU.ActiveCfg = Release|Any CPU
		{3E5EF357-7BD0-4B31-941B-5C2D7C31991E}.Release|Any CPU.Build.0 = Release|Any CPU
		{80D008F9-B5B1-44CB-B396-75D01733C204}.Debug|Any CPU.ActiveCfg = Debug|Any CPU
		{80D008F9-B5B1-44CB-B396-75D01733C204}.Debug|Any CPU.Build.0 = Debug|Any CPU
		{80D008F9-B5B1-44CB-B396-75D01733C204}.Release|Any CPU.ActiveCfg = Release|Any CPU
		{80D008F9-B5B1-44CB-B396-75D01733C204}.Release|Any CPU.Build.0 = Release|Any CPU
		{2F6C9E3A-4D0D-4420-8A04-0B102A0F0CF7}.Debug|Any CPU.ActiveCfg = Debug|Any CPU
		{2F6C9E3A-4D0D-4420-8A04-0B102A0F0CF7}.Debug|Any CPU.Build.0 = Debug|Any CPU
		{2F6C9E3A-4D0D-4420-8A04-0B102A0F0CF7}.Release|Any CPU.ActiveCfg = Release|Any CPU
		{2F6C9E3A-4D0D-4420-8A04-0B102A0F0CF7}.Release|Any CPU.Build.0 = Release|Any CPU
		{E07BBD65-7D9A-4138-B400-E50D0FA1D7DA}.Debug|Any CPU.ActiveCfg = Debug|Any CPU
		{E07BBD65-7D9A-4138-B400-E50D0FA1D7DA}.Debug|Any CPU.Build.0 = Debug|Any CPU
		{E07BBD65-7D9A-4138-B400-E50D0FA1D7DA}.Release|Any CPU.ActiveCfg = Release|Any CPU
		{E07BBD65-7D9A-4138-B400-E50D0FA1D7DA}.Release|Any CPU.Build.0 = Release|Any CPU
	EndGlobalSection
EndGlobal
