
Microsoft Visual Studio Solution File, Format Version 12.00
Project("{FAE04EC0-301F-11D3-BF4B-00C04F79EFBC}") = "Domain", "Domain\Domain.csproj", "{BB01F536-47EA-4CBE-82C7-4599B2979E1C}"
EndProject
Project("{FAE04EC0-301F-11D3-BF4B-00C04F79EFBC}") = "Domain.Tests", "Domain.Tests\Domain.Tests.csproj", "{2969F6CC-98C6-4A0B-B815-3B5D0A01AB81}"
EndProject
Global
	GlobalSection(SolutionConfigurationPlatforms) = preSolution
		Debug|Any CPU = Debug|Any CPU
		Release|Any CPU = Release|Any CPU
	EndGlobalSection
	GlobalSection(ProjectConfigurationPlatforms) = postSolution
		{BB01F536-47EA-4CBE-82C7-4599B2979E1C}.Debug|Any CPU.ActiveCfg = Debug|Any CPU
		{BB01F536-47EA-4CBE-82C7-4599B2979E1C}.Debug|Any CPU.Build.0 = Debug|Any CPU
		{BB01F536-47EA-4CBE-82C7-4599B2979E1C}.Release|Any CPU.ActiveCfg = Release|Any CPU
		{BB01F536-47EA-4CBE-82C7-4599B2979E1C}.Release|Any CPU.Build.0 = Release|Any CPU
		{2969F6CC-98C6-4A0B-B815-3B5D0A01AB81}.Debug|Any CPU.ActiveCfg = Debug|Any CPU
		{2969F6CC-98C6-4A0B-B815-3B5D0A01AB81}.Debug|Any CPU.Build.0 = Debug|Any CPU
		{2969F6CC-98C6-4A0B-B815-3B5D0A01AB81}.Release|Any CPU.ActiveCfg = Release|Any CPU
		{2969F6CC-98C6-4A0B-B815-3B5D0A01AB81}.Release|Any CPU.Build.0 = Release|Any CPU
	EndGlobalSection
EndGlobal
